
Microsoft Visual Studio Solution File, Format Version 12.00
# Visual Studio Version 17
VisualStudioVersion = 17.0.31903.59
MinimumVisualStudioVersion = 10.0.40219.1
Project("{2150E333-8FDC-42A3-9474-1A3956D46DE8}") = "src", "src", "{827E0CD3-B72D-47B6-A68D-7590B98EB39B}"
EndProject
Project("{FAE04EC0-301F-11D3-BF4B-00C04F79EFBC}") = "EdSpec.Api", "src\EdSpec.Api\EdSpec.Api.csproj", "{BCF5DCBA-DE57-439A-9BF2-FA3BF4D7EF63}"
EndProject
Project("{FAE04EC0-301F-11D3-BF4B-00C04F79EFBC}") = "EdSpec.Domain", "src\EdSpec.Domain\EdSpec.Domain.csproj", "{081A2D26-8729-4B5C-A677-2B5587857D98}"
EndProject
Project("{FAE04EC0-301F-11D3-BF4B-00C04F79EFBC}") = "EdSpec.Application", "src\EdSpec.Application\EdSpec.Application.csproj", "{FF968986-9A5A-4E08-A945-3CD8B94A032E}"
EndProject
Project("{FAE04EC0-301F-11D3-BF4B-00C04F79EFBC}") = "EdSpec.Infrastructure", "src\EdSpec.Infrastructure\EdSpec.Infrastructure.csproj", "{A1EC9F8F-1535-4492-BF30-96690512A588}"
EndProject
Project("{FAE04EC0-301F-11D3-BF4B-00C04F79EFBC}") = "EdSpec.Agents", "src\EdSpec.Agents\EdSpec.Agents.csproj", "{DF142B27-7677-4348-8A9D-37A2E1087C8D}"
EndProject
Project("{FAE04EC0-301F-11D3-BF4B-00C04F79EFBC}") = "EdSpec.Validation", "src\EdSpec.Validation\EdSpec.Validation.csproj", "{A074F450-FC27-47DF-8377-A218E4F2EF44}"
EndProject
Project("{2150E333-8FDC-42A3-9474-1A3956D46DE8}") = "tests", "tests", "{0AB3BF05-4346-4AA6-1389-037BE0695223}"
EndProject
Project("{FAE04EC0-301F-11D3-BF4B-00C04F79EFBC}") = "EdSpec.UnitTests", "tests\EdSpec.UnitTests\EdSpec.UnitTests.csproj", "{BCCAC267-437B-45DD-A130-EB20273C5D23}"
EndProject
Project("{FAE04EC0-301F-11D3-BF4B-00C04F79EFBC}") = "EdSpec.IntegrationTests", "tests\EdSpec.IntegrationTests\EdSpec.IntegrationTests.csproj", "{AAD84F66-79FC-42BB-A38A-75BF34437966}"
EndProject
Project("{2150E333-8FDC-42A3-9474-1A3956D46DE8}") = "web", "web", "{DC3A1E65-8B15-4C27-9E9F-06326CB1FA7E}"
EndProject
Project("{2150E333-8FDC-42A3-9474-1A3956D46DE8}") = "edspec-ui", "edspec-ui", "{CB023EB4-2DD6-41E7-A49E-9834AF618464}"
	ProjectSection(SolutionItems) = preProject
		web\edspec-ui\index.html = web\edspec-ui\index.html
		web\edspec-ui\package.json = web\edspec-ui\package.json
		web\edspec-ui\package-lock.json = web\edspec-ui\package-lock.json
		web\edspec-ui\tsconfig.app.json = web\edspec-ui\tsconfig.app.json
		web\edspec-ui\tsconfig.json = web\edspec-ui\tsconfig.json
		web\edspec-ui\tsconfig.node.json = web\edspec-ui\tsconfig.node.json
		web\edspec-ui\vite.config.ts = web\edspec-ui\vite.config.ts
		web\edspec-ui\src\App.tsx = web\edspec-ui\src\App.tsx
		web\edspec-ui\src\assessment-library.css = web\edspec-ui\src\assessment-library.css
		web\edspec-ui\src\dashboard-enhancements.css = web\edspec-ui\src\dashboard-enhancements.css
		web\edspec-ui\src\dashboard.css = web\edspec-ui\src\dashboard.css
		web\edspec-ui\src\generator.css = web\edspec-ui\src\generator.css
		web\edspec-ui\src\index.css = web\edspec-ui\src\index.css
		web\edspec-ui\src\layout-fixes.css = web\edspec-ui\src\layout-fixes.css
		web\edspec-ui\src\main.tsx = web\edspec-ui\src\main.tsx
		web\edspec-ui\src\specification-delete.css = web\edspec-ui\src\specification-delete.css
		web\edspec-ui\src\specification-library.css = web\edspec-ui\src\specification-library.css
		web\edspec-ui\src\toast.css = web\edspec-ui\src\toast.css
		web\edspec-ui\src\ui-change-overrides.css = web\edspec-ui\src\ui-change-overrides.css
		web\edspec-ui\src\vite-env.d.ts = web\edspec-ui\src\vite-env.d.ts
	EndProjectSection
EndProject
Global
	GlobalSection(SolutionConfigurationPlatforms) = preSolution
		Debug|Any CPU = Debug|Any CPU
		Debug|x64 = Debug|x64
		Debug|x86 = Debug|x86
		Release|Any CPU = Release|Any CPU
		Release|x64 = Release|x64
		Release|x86 = Release|x86
	EndGlobalSection
	GlobalSection(ProjectConfigurationPlatforms) = postSolution
		{BCF5DCBA-DE57-439A-9BF2-FA3BF4D7EF63}.Debug|Any CPU.ActiveCfg = Debug|Any CPU
		{BCF5DCBA-DE57-439A-9BF2-FA3BF4D7EF63}.Debug|Any CPU.Build.0 = Debug|Any CPU
		{BCF5DCBA-DE57-439A-9BF2-FA3BF4D7EF63}.Debug|x64.ActiveCfg = Debug|Any CPU
		{BCF5DCBA-DE57-439A-9BF2-FA3BF4D7EF63}.Debug|x64.Build.0 = Debug|Any CPU
		{BCF5DCBA-DE57-439A-9BF2-FA3BF4D7EF63}.Debug|x86.ActiveCfg = Debug|Any CPU
		{BCF5DCBA-DE57-439A-9BF2-FA3BF4D7EF63}.Debug|x86.Build.0 = Debug|Any CPU
		{BCF5DCBA-DE57-439A-9BF2-FA3BF4D7EF63}.Release|Any CPU.ActiveCfg = Release|Any CPU
		{BCF5DCBA-DE57-439A-9BF2-FA3BF4D7EF63}.Release|Any CPU.Build.0 = Release|Any CPU
		{BCF5DCBA-DE57-439A-9BF2-FA3BF4D7EF63}.Release|x64.ActiveCfg = Release|Any CPU
		{BCF5DCBA-DE57-439A-9BF2-FA3BF4D7EF63}.Release|x64.Build.0 = Release|Any CPU
		{BCF5DCBA-DE57-439A-9BF2-FA3BF4D7EF63}.Release|x86.ActiveCfg = Release|Any CPU
		{BCF5DCBA-DE57-439A-9BF2-FA3BF4D7EF63}.Release|x86.Build.0 = Release|Any CPU
		{081A2D26-8729-4B5C-A677-2B5587857D98}.Debug|Any CPU.ActiveCfg = Debug|Any CPU
		{081A2D26-8729-4B5C-A677-2B5587857D98}.Debug|Any CPU.Build.0 = Debug|Any CPU
		{081A2D26-8729-4B5C-A677-2B5587857D98}.Debug|x64.ActiveCfg = Debug|Any CPU
		{081A2D26-8729-4B5C-A677-2B5587857D98}.Debug|x64.Build.0 = Debug|Any CPU
		{081A2D26-8729-4B5C-A677-2B5587857D98}.Debug|x86.ActiveCfg = Debug|Any CPU
		{081A2D26-8729-4B5C-A677-2B5587857D98}.Debug|x86.Build.0 = Debug|Any CPU
		{081A2D26-8729-4B5C-A677-2B5587857D98}.Release|Any CPU.ActiveCfg = Release|Any CPU
		{081A2D26-8729-4B5C-A677-2B5587857D98}.Release|Any CPU.Build.0 = Release|Any CPU
		{081A2D26-8729-4B5C-A677-2B5587857D98}.Release|x64.ActiveCfg = Release|Any CPU
		{081A2D26-8729-4B5C-A677-2B5587857D98}.Release|x64.Build.0 = Release|Any CPU
		{081A2D26-8729-4B5C-A677-2B5587857D98}.Release|x86.ActiveCfg = Release|Any CPU
		{081A2D26-8729-4B5C-A677-2B5587857D98}.Release|x86.Build.0 = Release|Any CPU
		{FF968986-9A5A-4E08-A945-3CD8B94A032E}.Debug|Any CPU.ActiveCfg = Debug|Any CPU
		{FF968986-9A5A-4E08-A945-3CD8B94A032E}.Debug|Any CPU.Build.0 = Debug|Any CPU
		{FF968986-9A5A-4E08-A945-3CD8B94A032E}.Debug|x64.ActiveCfg = Debug|Any CPU
		{FF968986-9A5A-4E08-A945-3CD8B94A032E}.Debug|x64.Build.0 = Debug|Any CPU
		{FF968986-9A5A-4E08-A945-3CD8B94A032E}.Debug|x86.ActiveCfg = Debug|Any CPU
		{FF968986-9A5A-4E08-A945-3CD8B94A032E}.Debug|x86.Build.0 = Debug|Any CPU
		{FF968986-9A5A-4E08-A945-3CD8B94A032E}.Release|Any CPU.ActiveCfg = Release|Any CPU
		{FF968986-9A5A-4E08-A945-3CD8B94A032E}.Release|Any CPU.Build.0 = Release|Any CPU
		{FF968986-9A5A-4E08-A945-3CD8B94A032E}.Release|x64.ActiveCfg = Release|Any CPU
		{FF968986-9A5A-4E08-A945-3CD8B94A032E}.Release|x64.Build.0 = Release|Any CPU
		{FF968986-9A5A-4E08-A945-3CD8B94A032E}.Release|x86.ActiveCfg = Release|Any CPU
		{FF968986-9A5A-4E08-A945-3CD8B94A032E}.Release|x86.Build.0 = Release|Any CPU
		{A1EC9F8F-1535-4492-BF30-96690512A588}.Debug|Any CPU.ActiveCfg = Debug|Any CPU
		{A1EC9F8F-1535-4492-BF30-96690512A588}.Debug|Any CPU.Build.0 = Debug|Any CPU
		{A1EC9F8F-1535-4492-BF30-96690512A588}.Debug|x64.ActiveCfg = Debug|Any CPU
		{A1EC9F8F-1535-4492-BF30-96690512A588}.Debug|x64.Build.0 = Debug|Any CPU
		{A1EC9F8F-1535-4492-BF30-96690512A588}.Debug|x86.ActiveCfg = Debug|Any CPU
		{A1EC9F8F-1535-4492-BF30-96690512A588}.Debug|x86.Build.0 = Debug|Any CPU
		{A1EC9F8F-1535-4492-BF30-96690512A588}.Release|Any CPU.ActiveCfg = Release|Any CPU
		{A1EC9F8F-1535-4492-BF30-96690512A588}.Release|Any CPU.Build.0 = Release|Any CPU
		{A1EC9F8F-1535-4492-BF30-96690512A588}.Release|x64.ActiveCfg = Release|Any CPU
		{A1EC9F8F-1535-4492-BF30-96690512A588}.Release|x64.Build.0 = Release|Any CPU
		{A1EC9F8F-1535-4492-BF30-96690512A588}.Release|x86.ActiveCfg = Release|Any CPU
		{A1EC9F8F-1535-4492-BF30-96690512A588}.Release|x86.Build.0 = Release|Any CPU
		{DF142B27-7677-4348-8A9D-37A2E1087C8D}.Debug|Any CPU.ActiveCfg = Debug|Any CPU
		{DF142B27-7677-4348-8A9D-37A2E1087C8D}.Debug|Any CPU.Build.0 = Debug|Any CPU
		{DF142B27-7677-4348-8A9D-37A2E1087C8D}.Debug|x64.ActiveCfg = Debug|Any CPU
		{DF142B27-7677-4348-8A9D-37A2E1087C8D}.Debug|x64.Build.0 = Debug|Any CPU
		{DF142B27-7677-4348-8A9D-37A2E1087C8D}.Debug|x86.ActiveCfg = Debug|Any CPU
		{DF142B27-7677-4348-8A9D-37A2E1087C8D}.Debug|x86.Build.0 = Debug|Any CPU
		{DF142B27-7677-4348-8A9D-37A2E1087C8D}.Release|Any CPU.ActiveCfg = Release|Any CPU
		{DF142B27-7677-4348-8A9D-37A2E1087C8D}.Release|Any CPU.Build.0 = Release|Any CPU
		{DF142B27-7677-4348-8A9D-37A2E1087C8D}.Release|x64.ActiveCfg = Release|Any CPU
		{DF142B27-7677-4348-8A9D-37A2E1087C8D}.Release|x64.Build.0 = Release|Any CPU
		{DF142B27-7677-4348-8A9D-37A2E1087C8D}.Release|x86.ActiveCfg = Release|Any CPU
		{DF142B27-7677-4348-8A9D-37A2E1087C8D}.Release|x86.Build.0 = Release|Any CPU
		{A074F450-FC27-47DF-8377-A218E4F2EF44}.Debug|Any CPU.ActiveCfg = Debug|Any CPU
		{A074F450-FC27-47DF-8377-A218E4F2EF44}.Debug|Any CPU.Build.0 = Debug|Any CPU
		{A074F450-FC27-47DF-8377-A218E4F2EF44}.Debug|x64.ActiveCfg = Debug|Any CPU
		{A074F450-FC27-47DF-8377-A218E4F2EF44}.Debug|x64.Build.0 = Debug|Any CPU
		{A074F450-FC27-47DF-8377-A218E4F2EF44}.Debug|x86.ActiveCfg = Debug|Any CPU
		{A074F450-FC27-47DF-8377-A218E4F2EF44}.Debug|x86.Build.0 = Debug|Any CPU
		{A074F450-FC27-47DF-8377-A218E4F2EF44}.Release|Any CPU.ActiveCfg = Release|Any CPU
		{A074F450-FC27-47DF-8377-A218E4F2EF44}.Release|Any CPU.Build.0 = Release|Any CPU
		{A074F450-FC27-47DF-8377-A218E4F2EF44}.Release|x64.ActiveCfg = Release|Any CPU
		{A074F450-FC27-47DF-8377-A218E4F2EF44}.Release|x64.Build.0 = Release|Any CPU
		{A074F450-FC27-47DF-8377-A218E4F2EF44}.Release|x86.ActiveCfg = Release|Any CPU
		{A074F450-FC27-47DF-8377-A218E4F2EF44}.Release|x86.Build.0 = Release|Any CPU
		{BCCAC267-437B-45DD-A130-EB20273C5D23}.Debug|Any CPU.ActiveCfg = Debug|Any CPU
		{BCCAC267-437B-45DD-A130-EB20273C5D23}.Debug|Any CPU.Build.0 = Debug|Any CPU
		{BCCAC267-437B-45DD-A130-EB20273C5D23}.Debug|x64.ActiveCfg = Debug|Any CPU
		{BCCAC267-437B-45DD-A130-EB20273C5D23}.Debug|x64.Build.0 = Debug|Any CPU
		{BCCAC267-437B-45DD-A130-EB20273C5D23}.Debug|x86.ActiveCfg = Debug|Any CPU
		{BCCAC267-437B-45DD-A130-EB20273C5D23}.Debug|x86.Build.0 = Debug|Any CPU
		{BCCAC267-437B-45DD-A130-EB20273C5D23}.Release|Any CPU.ActiveCfg = Release|Any CPU
		{BCCAC267-437B-45DD-A130-EB20273C5D23}.Release|Any CPU.Build.0 = Release|Any CPU
		{BCCAC267-437B-45DD-A130-EB20273C5D23}.Release|x64.ActiveCfg = Release|Any CPU
		{BCCAC267-437B-45DD-A130-EB20273C5D23}.Release|x64.Build.0 = Release|Any CPU
		{BCCAC267-437B-45DD-A130-EB20273C5D23}.Release|x86.ActiveCfg = Release|Any CPU
		{BCCAC267-437B-45DD-A130-EB20273C5D23}.Release|x86.Build.0 = Release|Any CPU
		{AAD84F66-79FC-42BB-A38A-75BF34437966}.Debug|Any CPU.ActiveCfg = Debug|Any CPU
		{AAD84F66-79FC-42BB-A38A-75BF34437966}.Debug|Any CPU.Build.0 = Debug|Any CPU
		{AAD84F66-79FC-42BB-A38A-75BF34437966}.Debug|x64.ActiveCfg = Debug|Any CPU
		{AAD84F66-79FC-42BB-A38A-75BF34437966}.Debug|x64.Build.0 = Debug|Any CPU
		{AAD84F66-79FC-42BB-A38A-75BF34437966}.Debug|x86.ActiveCfg = Debug|Any CPU
		{AAD84F66-79FC-42BB-A38A-75BF34437966}.Debug|x86.Build.0 = Debug|Any CPU
		{AAD84F66-79FC-42BB-A38A-75BF34437966}.Release|Any CPU.ActiveCfg = Release|Any CPU
		{AAD84F66-79FC-42BB-A38A-75BF34437966}.Release|Any CPU.Build.0 = Release|Any CPU
		{AAD84F66-79FC-42BB-A38A-75BF34437966}.Release|x64.ActiveCfg = Release|Any CPU
		{AAD84F66-79FC-42BB-A38A-75BF34437966}.Release|x64.Build.0 = Release|Any CPU
		{AAD84F66-79FC-42BB-A38A-75BF34437966}.Release|x86.ActiveCfg = Release|Any CPU
		{AAD84F66-79FC-42BB-A38A-75BF34437966}.Release|x86.Build.0 = Release|Any CPU
	EndGlobalSection
	GlobalSection(SolutionProperties) = preSolution
		HideSolutionNode = FALSE
	EndGlobalSection
	GlobalSection(NestedProjects) = preSolution
		{BCF5DCBA-DE57-439A-9BF2-FA3BF4D7EF63} = {827E0CD3-B72D-47B6-A68D-7590B98EB39B}
		{081A2D26-8729-4B5C-A677-2B5587857D98} = {827E0CD3-B72D-47B6-A68D-7590B98EB39B}
		{FF968986-9A5A-4E08-A945-3CD8B94A032E} = {827E0CD3-B72D-47B6-A68D-7590B98EB39B}
		{A1EC9F8F-1535-4492-BF30-96690512A588} = {827E0CD3-B72D-47B6-A68D-7590B98EB39B}
		{DF142B27-7677-4348-8A9D-37A2E1087C8D} = {827E0CD3-B72D-47B6-A68D-7590B98EB39B}
		{A074F450-FC27-47DF-8377-A218E4F2EF44} = {827E0CD3-B72D-47B6-A68D-7590B98EB39B}
		{BCCAC267-437B-45DD-A130-EB20273C5D23} = {0AB3BF05-4346-4AA6-1389-037BE0695223}
		{AAD84F66-79FC-42BB-A38A-75BF34437966} = {0AB3BF05-4346-4AA6-1389-037BE0695223}
		{CB023EB4-2DD6-41E7-A49E-9834AF618464} = {DC3A1E65-8B15-4C27-9E9F-06326CB1FA7E}
	EndGlobalSection
EndGlobal
